// !$*UTF8*$!
{
	archiveVersion = 1;
	classes = {
	};
	objectVersion = 48;
	objects = {

/* Begin PBXBuildFile section */
		1CB6E54A212EDF8D008E5FD4 /* AppDelegate.m in Sources */ = {isa = PBXBuildFile; fileRef = 1CB6E549212EDF8D008E5FD4 /* AppDelegate.m */; };
		1CB6E54D212EDF8D008E5FD4 /* ViewController.m in Sources */ = {isa = PBXBuildFile; fileRef = 1CB6E54C212EDF8D008E5FD4 /* ViewController.m */; };
		1CB6E550212EDF8D008E5FD4 /* Main.storyboard in Resources */ = {isa = PBXBuildFile; fileRef = 1CB6E54E212EDF8D008E5FD4 /* Main.storyboard */; };
		1CB6E552212EDF8D008E5FD4 /* Assets.xcassets in Resources */ = {isa = PBXBuildFile; fileRef = 1CB6E551212EDF8D008E5FD4 /* Assets.xcassets */; };
		1CB6E555212EDF8D008E5FD4 /* LaunchScreen.storyboard in Resources */ = {isa = PBXBuildFile; fileRef = 1CB6E553212EDF8D008E5FD4 /* LaunchScreen.storyboard */; };
		1CB6E558212EDF8D008E5FD4 /* main.m in Sources */ = {isa = PBXBuildFile; fileRef = 1CB6E557212EDF8D008E5FD4 /* main.m */; };
		1CB6E561212EDFAD008E5FD4 /* YZHUIButton.m in Sources */ = {isa = PBXBuildFile; fileRef = 1CB6E560212EDFAD008E5FD4 /* YZHUIButton.m */; };
		1CB6E563212EE05C008E5FD4 /* test@2x.png in Resources */ = {isa = PBXBuildFile; fileRef = 1CB6E562212EE05C008E5FD4 /* test@2x.png */; };
		1CB6E56B212EE279008E5FD4 /* UIView+Geometry.m in Sources */ = {isa = PBXBuildFile; fileRef = 1CB6E569212EE279008E5FD4 /* UIView+Geometry.m */; };
/* End PBXBuildFile section */

/* Begin PBXFileReference section */
		1CB6E545212EDF8D008E5FD4 /* YZHUIButtonDemo.app */ = {isa = PBXFileReference; explicitFileType = wrapper.application; includeInIndex = 0; path = YZHUIButtonDemo.app; sourceTree = BUILT_PRODUCTS_DIR; };
		1CB6E548212EDF8D008E5FD4 /* AppDelegate.h */ = {isa = PBXFileReference; lastKnownFileType = sourcecode.c.h; path = AppDelegate.h; sourceTree = "<group>"; };
		1CB6E549212EDF8D008E5FD4 /* AppDelegate.m */ = {isa = PBXFileReference; lastKnownFileType = sourcecode.c.objc; path = AppDelegate.m; sourceTree = "<group>"; };
		1CB6E54B212EDF8D008E5FD4 /* ViewController.h */ = {isa = PBXFileReference; lastKnownFileType = sourcecode.c.h; path = ViewController.h; sourceTree = "<group>"; };
		1CB6E54C212EDF8D008E5FD4 /* ViewController.m */ = {isa = PBXFileReference; lastKnownFileType = sourcecode.c.objc; path = ViewController.m; sourceTree = "<group>"; };
		1CB6E54F212EDF8D008E5FD4 /* Base */ = {isa = PBXFileReference; lastKnownFileType = file.storyboard; name = Base; path = Base.lproj/Main.storyboard; sourceTree = "<group>"; };
		1CB6E551212EDF8D008E5FD4 /* Assets.xcassets */ = {isa = PBXFileReference; lastKnownFileType = folder.assetcatalog; path = Assets.xcassets; sourceTree = "<group>"; };
		1CB6E554212EDF8D008E5FD4 /* Base */ = {isa = PBXFileReference; lastKnownFileType = file.storyboard; name = Base; path = Base.lproj/LaunchScreen.storyboard; sourceTree = "<group>"; };
		1CB6E556212EDF8D008E5FD4 /* Info.plist */ = {isa = PBXFileReference; lastKnownFileType = text.plist.xml; path = Info.plist; sourceTree = "<group>"; };
		1CB6E557212EDF8D008E5FD4 /* main.m */ = {isa = PBXFileReference; lastKnownFileType = sourcecode.c.objc; path = main.m; sourceTree = "<group>"; };
		1CB6E55F212EDFAD008E5FD4 /* YZHUIButton.h */ = {isa = PBXFileReference; fileEncoding = 4; lastKnownFileType = sourcecode.c.h; path = YZHUIButton.h; sourceTree = "<group>"; };
		1CB6E560212EDFAD008E5FD4 /* YZHUIButton.m */ = {isa = PBXFileReference; fileEncoding = 4; lastKnownFileType = sourcecode.c.objc; path = YZHUIButton.m; sourceTree = "<group>"; };
		1CB6E562212EE05C008E5FD4 /* test@2x.png */ = {isa = PBXFileReference; lastKnownFileType = image.png; path = "test@2x.png"; sourceTree = "<group>"; };
		1CB6E564212EE0BD008E5FD4 /* PrefixHeader.pch */ = {isa = PBXFileReference; fileEncoding = 4; lastKnownFileType = sourcecode.c.h; path = PrefixHeader.pch; sourceTree = "<group>"; };
		1CB6E565212EE0BD008E5FD4 /* Macro.h */ = {isa = PBXFileReference; fileEncoding = 4; lastKnownFileType = sourcecode.c.h; path = Macro.h; sourceTree = "<group>"; };
		1CB6E567212EE279008E5FD4 /* UIView+Geometry.h */ = {isa = PBXFileReference; fileEncoding = 4; lastKnownFileType = sourcecode.c.h; path = "UIView+Geometry.h"; sourceTree = "<group>"; };
		1CB6E569212EE279008E5FD4 /* UIView+Geometry.m */ = {isa = PBXFileReference; fileEncoding = 4; lastKnownFileType = sourcecode.c.objc; path = "UIView+Geometry.m"; sourceTree = "<group>"; };
/* End PBXFileReference section */

/* Begin PBXFrameworksBuildPhase section */
		1CB6E542212EDF8D008E5FD4 /* Frameworks */ = {
			isa = PBXFrameworksBuildPhase;
			buildActionMask = 2147483647;
			files = (
			);
			runOnlyForDeploymentPostprocessing = 0;
		};
/* End PBXFrameworksBuildPhase section */

/* Begin PBXGroup section */
		1CB6E53C212EDF8D008E5FD4 = {
			isa = PBXGroup;
			children = (
				1CB6E547212EDF8D008E5FD4 /* YZHUIButtonDemo */,
				1CB6E546212EDF8D008E5FD4 /* Products */,
			);
			sourceTree = "<group>";
		};
		1CB6E546212EDF8D008E5FD4 /* Products */ = {
			isa = PBXGroup;
			children = (
				1CB6E545212EDF8D008E5FD4 /* YZHUIButtonDemo.app */,
			);
			name = Products;
			sourceTree = "<group>";
		};
		1CB6E547212EDF8D008E5FD4 /* YZHUIButtonDemo */ = {
			isa = PBXGroup;
			children = (
				1CB6E566212EE279008E5FD4 /* UIKit */,
				1CB6E565212EE0BD008E5FD4 /* Macro.h */,
				1CB6E564212EE0BD008E5FD4 /* PrefixHeader.pch */,
				1CB6E562212EE05C008E5FD4 /* test@2x.png */,
				1CB6E55E212EDFAD008E5FD4 /* YZHUIButton */,
				1CB6E548212EDF8D008E5FD4 /* AppDelegate.h */,
				1CB6E549212EDF8D008E5FD4 /* AppDelegate.m */,
				1CB6E54B212EDF8D008E5FD4 /* ViewController.h */,
				1CB6E54C212EDF8D008E5FD4 /* ViewController.m */,
				1CB6E54E212EDF8D008E5FD4 /* Main.storyboard */,
				1CB6E551212EDF8D008E5FD4 /* Assets.xcassets */,
				1CB6E553212EDF8D008E5FD4 /* LaunchScreen.storyboard */,
				1CB6E556212EDF8D008E5FD4 /* Info.plist */,
				1CB6E557212EDF8D008E5FD4 /* main.m */,
			);
			path = YZHUIButtonDemo;
			sourceTree = "<group>";
		};
		1CB6E55E212EDFAD008E5FD4 /* YZHUIButton */ = {
			isa = PBXGroup;
			children = (
				1CB6E55F212EDFAD008E5FD4 /* YZHUIButton.h */,
				1CB6E560212EDFAD008E5FD4 /* YZHUIButton.m */,
			);
			path = YZHUIButton;
			sourceTree = "<group>";
		};
		1CB6E566212EE279008E5FD4 /* UIKit */ = {
			isa = PBXGroup;
			children = (
				1CB6E567212EE279008E5FD4 /* UIView+Geometry.h */,
				1CB6E569212EE279008E5FD4 /* UIView+Geometry.m */,
			);
			path = UIKit;
			sourceTree = "<group>";
		};
/* End PBXGroup section */

/* Begin PBXNativeTarget section */
		1CB6E544212EDF8D008E5FD4 /* YZHUIButtonDemo */ = {
			isa = PBXNativeTarget;
			buildConfigurationList = 1CB6E55B212EDF8D008E5FD4 /* Build configuration list for PBXNativeTarget "YZHUIButtonDemo" */;
			buildPhases = (
				1CB6E541212EDF8D008E5FD4 /* Sources */,
				1CB6E542212EDF8D008E5FD4 /* Frameworks */,
				1CB6E543212EDF8D008E5FD4 /* Resources */,
			);
			buildRules = (
			);
			dependencies = (
			);
			name = YZHUIButtonDemo;
			productName = YZHUIButtonDemo;
			productReference = 1CB6E545212EDF8D008E5FD4 /* YZHUIButtonDemo.app */;
			productType = "com.apple.product-type.application";
		};
/* End PBXNativeTarget section */

/* Begin PBXProject section */
		1CB6E53D212EDF8D008E5FD4 /* Project object */ = {
			isa = PBXProject;
			attributes = {
				LastUpgradeCheck = 0910;
				ORGANIZATIONNAME = yuan;
				TargetAttributes = {
					1CB6E544212EDF8D008E5FD4 = {
						CreatedOnToolsVersion = 9.1;
						ProvisioningStyle = Automatic;
					};
				};
			};
			buildConfigurationList = 1CB6E540212EDF8D008E5FD4 /* Build configuration list for PBXProject "YZHUIButtonDemo" */;
			compatibilityVersion = "Xcode 8.0";
			developmentRegion = en;
			hasScannedForEncodings = 0;
			knownRegions = (
				en,
				Base,
			);
			mainGroup = 1CB6E53C212EDF8D008E5FD4;
			productRefGroup = 1CB6E546212EDF8D008E5FD4 /* Products */;
			projectDirPath = "";
			projectRoot = "";
			targets = (
				1CB6E544212EDF8D008E5FD4 /* YZHUIButtonDemo */,
			);
		};
/* End PBXProject section */

/* Begin PBXResourcesBuildPhase section */
		1CB6E543212EDF8D008E5FD4 /* Resources */ = {
			isa = PBXResourcesBuildPhase;
			buildActionMask = 2147483647;
			files = (
				1CB6E563212EE05C008E5FD4 /* test@2x.png in Resources */,
				1CB6E555212EDF8D008E5FD4 /* LaunchScreen.storyboard in Resources */,
				1CB6E552212EDF8D008E5FD4 /* Assets.xcassets in Resources */,
				1CB6E550212EDF8D008E5FD4 /* Main.storyboard in Resources */,
			);
			runOnlyForDeploymentPostprocessing = 0;
		};
/* End PBXResourcesBuildPhase section */

/* Begin PBXSourcesBuildPhase section */
		1CB6E541212EDF8D008E5FD4 /* Sources */ = {
			isa = PBXSourcesBuildPhase;
			buildActionMask = 2147483647;
			files = (
				1CB6E56B212EE279008E5FD4 /* UIView+Geometry.m in Sources */,
				1CB6E54D212EDF8D008E5FD4 /* ViewController.m in Sources */,
				1CB6E561212EDFAD008E5FD4 /* YZHUIButton.m in Sources */,
				1CB6E558212EDF8D008E5FD4 /* main.m in Sources */,
				1CB6E54A212EDF8D008E5FD4 /* AppDelegate.m in Sources */,
			);
			runOnlyForDeploymentPostprocessing = 0;
		};
/* End PBXSourcesBuildPhase section */

/* Begin PBXVariantGroup section */
		1CB6E54E212EDF8D008E5FD4 /* Main.storyboard */ = {
			isa = PBXVariantGroup;
			children = (
				1CB6E54F212EDF8D008E5FD4 /* Base */,
			);
			name = Main.storyboard;
			sourceTree = "<group>";
		};
		1CB6E553212EDF8D008E5FD4 /* LaunchScreen.storyboard */ = {
			isa = PBXVariantGroup;
			children = (
				1CB6E554212EDF8D008E5FD4 /* Base */,
			);
			name = LaunchScreen.storyboard;
			sourceTree = "<group>";
		};
/* End PBXVariantGroup section */

/* Begin XCBuildConfiguration section */
		1CB6E559212EDF8D008E5FD4 /* Debug */ = {
			isa = XCBuildConfiguration;
			buildSettings = {
				ALWAYS_SEARCH_USER_PATHS = NO;
				CLANG_ANALYZER_NONNULL = YES;
				CLANG_ANALYZER_NUMBER_OBJECT_CONVERSION = YES_AGGRESSIVE;
				CLANG_CXX_LANGUAGE_STANDARD = "gnu++14";
				CLANG_CXX_LIBRARY = "libc++";
				CLANG_ENABLE_MODULES = YES;
				CLANG_ENABLE_OBJC_ARC = YES;
				CLANG_WARN_BLOCK_CAPTURE_AUTORELEASING = YES;
				CLANG_WARN_BOOL_CONVERSION = YES;
				CLANG_WARN_COMMA = YES;
				CLANG_WARN_CONSTANT_CONVERSION = YES;
				CLANG_WARN_DIRECT_OBJC_ISA_USAGE = YES_ERROR;
				CLANG_WARN_DOCUMENTATION_COMMENTS = YES;
				CLANG_WARN_EMPTY_BODY = YES;
				CLANG_WARN_ENUM_CONVERSION = YES;
				CLANG_WARN_INFINITE_RECURSION = YES;
				CLANG_WARN_INT_CONVERSION = YES;
				CLANG_WARN_NON_LITERAL_NULL_CONVERSION = YES;
				CLANG_WARN_OBJC_LITERAL_CONVERSION = YES;
				CLANG_WARN_OBJC_ROOT_CLASS = YES_ERROR;
				CLANG_WARN_RANGE_LOOP_ANALYSIS = YES;
				CLANG_WARN_STRICT_PROTOTYPES = YES;
				CLANG_WARN_SUSPICIOUS_MOVE = YES;
				CLANG_WARN_UNGUARDED_AVAILABILITY = YES_AGGRESSIVE;
				CLANG_WARN_UNREACHABLE_CODE = YES;
				CLANG_WARN__DUPLICATE_METHOD_MATCH = YES;
				CODE_SIGN_IDENTITY = "iPhone Developer";
				COPY_PHASE_STRIP = NO;
				DEBUG_INFORMATION_FORMAT = dwarf;
				ENABLE_STRICT_OBJC_MSGSEND = YES;
				ENABLE_TESTABILITY = YES;
				GCC_C_LANGUAGE_STANDARD = gnu11;
				GCC_DYNAMIC_NO_PIC = NO;
				GCC_NO_COMMON_BLOCKS = YES;
				GCC_OPTIMIZATION_LEVEL = 0;
				GCC_PREPROCESSOR_DEFINITIONS = (
					"DEBUG=1",
					"$(inherited)",
				);
				GCC_WARN_64_TO_32_BIT_CONVERSION = YES;
				GCC_WARN_ABOUT_RETURN_TYPE = YES_ERROR;
				GCC_WARN_UNDECLARED_SELECTOR = YES;
				GCC_WARN_UNINITIALIZED_AUTOS = YES_AGGRESSIVE;
				GCC_WARN_UNUSED_FUNCTION = YES;
				GCC_WARN_UNUSED_VARIABLE = YES;
				IPHONEOS_DEPLOYMENT_TARGET = 11.1;
				MTL_ENABLE_DEBUG_INFO = YES;
				ONLY_ACTIVE_ARCH = YES;
				SDKROOT = iphoneos;
			};
			name = Debug;
		};
		1CB6E55A212EDF8D008E5FD4 /* Release */ = {
			isa = XCBuildConfiguration;
			buildSettings = {
				ALWAYS_SEARCH_USER_PATHS = NO;
				CLANG_ANALYZER_NONNULL = YES;
				CLANG_ANALYZER_NUMBER_OBJECT_CONVERSION = YES_AGGRESSIVE;
				CLANG_CXX_LANGUAGE_STANDARD = "gnu++14";
				CLANG_CXX_LIBRARY = "libc++";
				CLANG_ENABLE_MODULES = YES;
				CLANG_ENABLE_OBJC_ARC = YES;
				CLANG_WARN_BLOCK_CAPTURE_AUTORELEASING = YES;
				CLANG_WARN_BOOL_CONVERSION = YES;
				CLANG_WARN_COMMA = YES;
				CLANG_WARN_CONSTANT_CONVERSION = YES;
				CLANG_WARN_DIRECT_OBJC_ISA_USAGE = YES_ERROR;
				CLANG_WARN_DOCUMENTATION_COMMENTS = YES;
				CLANG_WARN_EMPTY_BODY = YES;
				CLANG_WARN_ENUM_CONVERSION = YES;
				CLANG_WARN_INFINITE_RECURSION = YES;
				CLANG_WARN_INT_CONVERSION = YES;
				CLANG_WARN_NON_LITERAL_NULL_CONVERSION = YES;
				CLANG_WARN_OBJC_LITERAL_CONVERSION = YES;
				CLANG_WARN_OBJC_ROOT_CLASS = YES_ERROR;
				CLANG_WARN_RANGE_LOOP_ANALYSIS = YES;
				CLANG_WARN_STRICT_PROTOTYPES = YES;
				CLANG_WARN_SUSPICIOUS_MOVE = YES;
				CLANG_WARN_UNGUARDED_AVAILABILITY = YES_AGGRESSIVE;
				CLANG_WARN_UNREACHABLE_CODE = YES;
				CLANG_WARN__DUPLICATE_METHOD_MATCH = YES;
				CODE_SIGN_IDENTITY = "iPhone Developer";
				COPY_PHASE_STRIP = NO;
				DEBUG_INFORMATION_FORMAT = "dwarf-with-dsym";
				ENABLE_NS_ASSERTIONS = NO;
				ENABLE_STRICT_OBJC_MSGSEND = YES;
				GCC_C_LANGUAGE_STANDARD = gnu11;
				GCC_NO_COMMON_BLOCKS = YES;
				GCC_WARN_64_TO_32_BIT_CONVERSION = YES;
				GCC_WARN_ABOUT_RETURN_TYPE = YES_ERROR;
				GCC_WARN_UNDECLARED_SELECTOR = YES;
				GCC_WARN_UNINITIALIZED_AUTOS = YES_AGGRESSIVE;
				GCC_WARN_UNUSED_FUNCTION = YES;
				GCC_WARN_UNUSED_VARIABLE = YES;
				IPHONEOS_DEPLOYMENT_TARGET = 11.1;
				MTL_ENABLE_DEBUG_INFO = NO;
				SDKROOT = iphoneos;
				VALIDATE_PRODUCT = YES;
			};
			name = Release;
		};
		1CB6E55C212EDF8D008E5FD4 /* Debug */ = {
			isa = XCBuildConfiguration;
			buildSettings = {
				ASSETCATALOG_COMPILER_APPICON_NAME = AppIcon;
				CODE_SIGN_STYLE = Automatic;
				DEVELOPMENT_TEAM = QSXU259F8V;
				GCC_PRECOMPILE_PREFIX_HEADER = YES;
				GCC_PREFIX_HEADER = YZHUIButtonDemo/PrefixHeader.pch;
				INFOPLIST_FILE = YZHUIButtonDemo/Info.plist;
				LD_RUNPATH_SEARCH_PATHS = "$(inherited) @executable_path/Frameworks";
				PRODUCT_BUNDLE_IDENTIFIER = yuan.YZHUIButtonDemo;
				PRODUCT_NAME = "$(TARGET_NAME)";
				TARGETED_DEVICE_FAMILY = "1,2";
			};
			name = Debug;
		};
		1CB6E55D212EDF8D008E5FD4 /* Release */ = {
			isa = XCBuildConfiguration;
			buildSettings = {
				ASSETCATALOG_COMPILER_APPICON_NAME = AppIcon;
				CODE_SIGN_STYLE = Automatic;
				DEVELOPMENT_TEAM = QSXU259F8V;
				GCC_PRECOMPILE_PREFIX_HEADER = YES;
				GCC_PREFIX_HEADER = YZHUIButtonDemo/PrefixHeader.pch;
				INFOPLIST_FILE = YZHUIButtonDemo/Info.plist;
				LD_RUNPATH_SEARCH_PATHS = "$(inherited) @executable_path/Frameworks";
				PRODUCT_BUNDLE_IDENTIFIER = yuan.YZHUIButtonDemo;
				PRODUCT_NAME = "$(TARGET_NAME)";
				TARGETED_DEVICE_FAMILY = "1,2";
			};
			name = Release;
		};
/* End XCBuildConfiguration section */

/* Begin XCConfigurationList section */
		1CB6E540212EDF8D008E5FD4 /* Build configuration list for PBXProject "YZHUIButtonDemo" */ = {
			isa = XCConfigurationList;
			buildConfigurations = (
				1CB6E559212EDF8D008E5FD4 /* Debug */,
				1CB6E55A212EDF8D008E5FD4 /* Release */,
			);
			defaultConfigurationIsVisible = 0;
			defaultConfigurationName = Release;
		};
		1CB6E55B212EDF8D008E5FD4 /* Build configuration list for PBXNativeTarget "YZHUIButtonDemo" */ = {
			isa = XCConfigurationList;
			buildConfigurations = (
				1CB6E55C212EDF8D008E5FD4 /* Debug */,
				1CB6E55D212EDF8D008E5FD4 /* Release */,
			);
			defaultConfigurationIsVisible = 0;
			defaultConfigurationName = Release;
		};
/* End XCConfigurationList section */
	};
	rootObject = 1CB6E53D212EDF8D008E5FD4 /* Project object */;
}
